
Microsoft Visual Studio Solution File, Format Version 12.00
# Visual Studio Version 17
VisualStudioVersion = 17.9.34728.123
MinimumVisualStudioVersion = 10.0.40219.1
Project("{FAE04EC0-301F-11D3-BF4B-00C04F79EFBC}") = "Assignment 1.3.2", "Assignment 1.3.2.csproj", "{CD7B0359-CA18-445E-BC2B-7F366498A842}"
EndProject
Global
	GlobalSection(SolutionConfigurationPlatforms) = preSolution
		Debug|Any CPU = Debug|Any CPU
		Release|Any CPU = Release|Any CPU
	EndGlobalSection
	GlobalSection(ProjectConfigurationPlatforms) = postSolution
		{CD7B0359-CA18-445E-BC2B-7F366498A842}.Debug|Any CPU.ActiveCfg = Debug|Any CPU
		{CD7B0359-CA18-445E-BC2B-7F366498A842}.Debug|Any CPU.Build.0 = Debug|Any CPU
		{CD7B0359-CA18-445E-BC2B-7F366498A842}.Release|Any CPU.ActiveCfg = Release|Any CPU
		{CD7B0359-CA18-445E-BC2B-7F366498A842}.Release|Any CPU.Build.0 = Release|Any CPU
	EndGlobalSection
	GlobalSection(SolutionProperties) = preSolution
		HideSolutionNode = FALSE
	EndGlobalSection
	GlobalSection(ExtensibilityGlobals) = postSolution
		SolutionGuid = {D402750B-C0F2-498F-87EC-31C7960FAAEA}
	EndGlobalSection
EndGlobal
